
Microsoft Visual Studio Solution File, Format Version 12.00
# Visual Studio Version 16
VisualStudioVersion = 16.0.31321.278
MinimumVisualStudioVersion = 10.0.40219.1
Project("{FAE04EC0-301F-11D3-BF4B-00C04F79EFBC}") = "Temp_UI_Example", "Temp_UI_Example.csproj", "{2826B265-BB89-4AEB-903D-1476B8CA5817}"
EndProject
Global
	GlobalSection(SolutionConfigurationPlatforms) = preSolution
		Debug|Any CPU = Debug|Any CPU
		Release|Any CPU = Release|Any CPU
	EndGlobalSection
	GlobalSection(ProjectConfigurationPlatforms) = postSolution
		{2826B265-BB89-4AEB-903D-1476B8CA5817}.Debug|Any CPU.ActiveCfg = Debug|Any CPU
		{2826B265-BB89-4AEB-903D-1476B8CA5817}.Debug|Any CPU.Build.0 = Debug|Any CPU
		{2826B265-BB89-4AEB-903D-1476B8CA5817}.Release|Any CPU.ActiveCfg = Release|Any CPU
		{2826B265-BB89-4AEB-903D-1476B8CA5817}.Release|Any CPU.Build.0 = Release|Any CPU
	EndGlobalSection
	GlobalSection(SolutionProperties) = preSolution
		HideSolutionNode = FALSE
	EndGlobalSection
	GlobalSection(ExtensibilityGlobals) = postSolution
		SolutionGuid = {082B168B-19F3-467C-8628-4BA7367F05A7}
	EndGlobalSection
EndGlobal
